
Microsoft Visual Studio Solution File, Format Version 12.00
# Visual Studio Version 16
VisualStudioVersion = 16.0.30804.86
MinimumVisualStudioVersion = 10.0.40219.1
Project("{FAE04EC0-301F-11D3-BF4B-00C04F79EFBC}") = "ConsoleAppMagnit3", "ConsoleAppSwimpool3\ConsoleAppMagnit3.csproj", "{72A696F0-2D14-43EC-9360-54362A92FC90}"
EndProject
Global
	GlobalSection(SolutionConfigurationPlatforms) = preSolution
		Debug|Any CPU = Debug|Any CPU
		Release|Any CPU = Release|Any CPU
	EndGlobalSection
	GlobalSection(ProjectConfigurationPlatforms) = postSolution
		{72A696F0-2D14-43EC-9360-54362A92FC90}.Debug|Any CPU.ActiveCfg = Debug|Any CPU
		{72A696F0-2D14-43EC-9360-54362A92FC90}.Debug|Any CPU.Build.0 = Debug|Any CPU
		{72A696F0-2D14-43EC-9360-54362A92FC90}.Release|Any CPU.ActiveCfg = Release|Any CPU
		{72A696F0-2D14-43EC-9360-54362A92FC90}.Release|Any CPU.Build.0 = Release|Any CPU
	EndGlobalSection
	GlobalSection(SolutionProperties) = preSolution
		HideSolutionNode = FALSE
	EndGlobalSection
	GlobalSection(ExtensibilityGlobals) = postSolution
		SolutionGuid = {F789DB32-6E92-45FA-926C-8470C1FA1FC6}
	EndGlobalSection
EndGlobal
